
Microsoft Visual Studio Solution File, Format Version 12.00
# Visual Studio Version 17
VisualStudioVersion = 17.11.35327.3
MinimumVisualStudioVersion = 10.0.40219.1
Project("{9A19103F-16F7-4668-BE54-9A1E7A4F7556}") = "MapManager", "MapManager\MapManager.csproj", "{207E49AC-90D8-42EA-BA38-CEAE9E8491D1}"
EndProject
Project("{9A19103F-16F7-4668-BE54-9A1E7A4F7556}") = "OsuSharp", "OsuSharp-dev\src\OsuSharp\OsuSharp.csproj", "{64F1D20A-C34D-45CC-833D-6E9FF5FF8F76}"
EndProject
Project("{9A19103F-16F7-4668-BE54-9A1E7A4F7556}") = "OsuSharp.Domain", "OsuSharp-dev\src\OsuSharp.Domain\OsuSharp.Domain.csproj", "{D340423C-3EA4-4042-B6C0-AD9CFB76EDCC}"
EndProject
Project("{9A19103F-16F7-4668-BE54-9A1E7A4F7556}") = "OsuSharp.JsonModels", "OsuSharp-dev\src\OsuSharp.JsonModels\OsuSharp.JsonModels.csproj", "{9C03495C-D424-42A6-9483-A05F2D4181E7}"
EndProject
Project("{9A19103F-16F7-4668-BE54-9A1E7A4F7556}") = "OsuSharp.Legacy", "OsuSharp-dev\src\OsuSharp.Legacy\OsuSharp.Legacy.csproj", "{35EFF8CB-F9CD-4A67-9863-7C73A4A95E76}"
EndProject
Project("{9A19103F-16F7-4668-BE54-9A1E7A4F7556}") = "OsuSharp.Legacy.Oppai", "OsuSharp-dev\src\OsuSharp.Legacy.Oppai\OsuSharp.Legacy.Oppai.csproj", "{EFE80C34-6DAE-40D1-AB66-A60DEDAAA81B}"
EndProject
Project("{8BC9CEB8-8B4A-11D0-8D11-00A0C91BC942}") = "MapManagerService", "MapManagerService\MapManagerService.vcxproj", "{2F0BB223-93C3-40D4-9BB2-43D6B1E272F5}"
EndProject
Global
	GlobalSection(SolutionConfigurationPlatforms) = preSolution
		Debug|Any CPU = Debug|Any CPU
		Debug|x64 = Debug|x64
		Debug|x86 = Debug|x86
		Release|Any CPU = Release|Any CPU
		Release|x64 = Release|x64
		Release|x86 = Release|x86
	EndGlobalSection
	GlobalSection(ProjectConfigurationPlatforms) = postSolution
		{207E49AC-90D8-42EA-BA38-CEAE9E8491D1}.Debug|Any CPU.ActiveCfg = Debug|Any CPU
		{207E49AC-90D8-42EA-BA38-CEAE9E8491D1}.Debug|Any CPU.Build.0 = Debug|Any CPU
		{207E49AC-90D8-42EA-BA38-CEAE9E8491D1}.Debug|x64.ActiveCfg = Debug|Any CPU
		{207E49AC-90D8-42EA-BA38-CEAE9E8491D1}.Debug|x64.Build.0 = Debug|Any CPU
		{207E49AC-90D8-42EA-BA38-CEAE9E8491D1}.Debug|x86.ActiveCfg = Debug|Any CPU
		{207E49AC-90D8-42EA-BA38-CEAE9E8491D1}.Debug|x86.Build.0 = Debug|Any CPU
		{207E49AC-90D8-42EA-BA38-CEAE9E8491D1}.Release|Any CPU.ActiveCfg = Release|Any CPU
		{207E49AC-90D8-42EA-BA38-CEAE9E8491D1}.Release|Any CPU.Build.0 = Release|Any CPU
		{207E49AC-90D8-42EA-BA38-CEAE9E8491D1}.Release|x64.ActiveCfg = Release|Any CPU
		{207E49AC-90D8-42EA-BA38-CEAE9E8491D1}.Release|x64.Build.0 = Release|Any CPU
		{207E49AC-90D8-42EA-BA38-CEAE9E8491D1}.Release|x86.ActiveCfg = Release|Any CPU
		{207E49AC-90D8-42EA-BA38-CEAE9E8491D1}.Release|x86.Build.0 = Release|Any CPU
		{64F1D20A-C34D-45CC-833D-6E9FF5FF8F76}.Debug|Any CPU.ActiveCfg = Debug|Any CPU
		{64F1D20A-C34D-45CC-833D-6E9FF5FF8F76}.Debug|Any CPU.Build.0 = Debug|Any CPU
		{64F1D20A-C34D-45CC-833D-6E9FF5FF8F76}.Debug|x64.ActiveCfg = Debug|Any CPU
		{64F1D20A-C34D-45CC-833D-6E9FF5FF8F76}.Debug|x64.Build.0 = Debug|Any CPU
		{64F1D20A-C34D-45CC-833D-6E9FF5FF8F76}.Debug|x86.ActiveCfg = Debug|Any CPU
		{64F1D20A-C34D-45CC-833D-6E9FF5FF8F76}.Debug|x86.Build.0 = Debug|Any CPU
		{64F1D20A-C34D-45CC-833D-6E9FF5FF8F76}.Release|Any CPU.ActiveCfg = Release|Any CPU
		{64F1D20A-C34D-45CC-833D-6E9FF5FF8F76}.Release|Any CPU.Build.0 = Release|Any CPU
		{64F1D20A-C34D-45CC-833D-6E9FF5FF8F76}.Release|x64.ActiveCfg = Release|Any CPU
		{64F1D20A-C34D-45CC-833D-6E9FF5FF8F76}.Release|x64.Build.0 = Release|Any CPU
		{64F1D20A-C34D-45CC-833D-6E9FF5FF8F76}.Release|x86.ActiveCfg = Release|Any CPU
		{64F1D20A-C34D-45CC-833D-6E9FF5FF8F76}.Release|x86.Build.0 = Release|Any CPU
		{D340423C-3EA4-4042-B6C0-AD9CFB76EDCC}.Debug|Any CPU.ActiveCfg = Debug|Any CPU
		{D340423C-3EA4-4042-B6C0-AD9CFB76EDCC}.Debug|Any CPU.Build.0 = Debug|Any CPU
		{D340423C-3EA4-4042-B6C0-AD9CFB76EDCC}.Debug|x64.ActiveCfg = Debug|Any CPU
		{D340423C-3EA4-4042-B6C0-AD9CFB76EDCC}.Debug|x64.Build.0 = Debug|Any CPU
		{D340423C-3EA4-4042-B6C0-AD9CFB76EDCC}.Debug|x86.ActiveCfg = Debug|Any CPU
		{D340423C-3EA4-4042-B6C0-AD9CFB76EDCC}.Debug|x86.Build.0 = Debug|Any CPU
		{D340423C-3EA4-4042-B6C0-AD9CFB76EDCC}.Release|Any CPU.ActiveCfg = Release|Any CPU
		{D340423C-3EA4-4042-B6C0-AD9CFB76EDCC}.Release|Any CPU.Build.0 = Release|Any CPU
		{D340423C-3EA4-4042-B6C0-AD9CFB76EDCC}.Release|x64.ActiveCfg = Release|Any CPU
		{D340423C-3EA4-4042-B6C0-AD9CFB76EDCC}.Release|x64.Build.0 = Release|Any CPU
		{D340423C-3EA4-4042-B6C0-AD9CFB76EDCC}.Release|x86.ActiveCfg = Release|Any CPU
		{D340423C-3EA4-4042-B6C0-AD9CFB76EDCC}.Release|x86.Build.0 = Release|Any CPU
		{9C03495C-D424-42A6-9483-A05F2D4181E7}.Debug|Any CPU.ActiveCfg = Debug|Any CPU
		{9C03495C-D424-42A6-9483-A05F2D4181E7}.Debug|Any CPU.Build.0 = Debug|Any CPU
		{9C03495C-D424-42A6-9483-A05F2D4181E7}.Debug|x64.ActiveCfg = Debug|Any CPU
		{9C03495C-D424-42A6-9483-A05F2D4181E7}.Debug|x64.Build.0 = Debug|Any CPU
		{9C03495C-D424-42A6-9483-A05F2D4181E7}.Debug|x86.ActiveCfg = Debug|Any CPU
		{9C03495C-D424-42A6-9483-A05F2D4181E7}.Debug|x86.Build.0 = Debug|Any CPU
		{9C03495C-D424-42A6-9483-A05F2D4181E7}.Release|Any CPU.ActiveCfg = Release|Any CPU
		{9C03495C-D424-42A6-9483-A05F2D4181E7}.Release|Any CPU.Build.0 = Release|Any CPU
		{9C03495C-D424-42A6-9483-A05F2D4181E7}.Release|x64.ActiveCfg = Release|Any CPU
		{9C03495C-D424-42A6-9483-A05F2D4181E7}.Release|x64.Build.0 = Release|Any CPU
		{9C03495C-D424-42A6-9483-A05F2D4181E7}.Release|x86.ActiveCfg = Release|Any CPU
		{9C03495C-D424-42A6-9483-A05F2D4181E7}.Release|x86.Build.0 = Release|Any CPU
		{35EFF8CB-F9CD-4A67-9863-7C73A4A95E76}.Debug|Any CPU.ActiveCfg = Debug|Any CPU
		{35EFF8CB-F9CD-4A67-9863-7C73A4A95E76}.Debug|Any CPU.Build.0 = Debug|Any CPU
		{35EFF8CB-F9CD-4A67-9863-7C73A4A95E76}.Debug|x64.ActiveCfg = Debug|Any CPU
		{35EFF8CB-F9CD-4A67-9863-7C73A4A95E76}.Debug|x64.Build.0 = Debug|Any CPU
		{35EFF8CB-F9CD-4A67-9863-7C73A4A95E76}.Debug|x86.ActiveCfg = Debug|Any CPU
		{35EFF8CB-F9CD-4A67-9863-7C73A4A95E76}.Debug|x86.Build.0 = Debug|Any CPU
		{35EFF8CB-F9CD-4A67-9863-7C73A4A95E76}.Release|Any CPU.ActiveCfg = Release|Any CPU
		{35EFF8CB-F9CD-4A67-9863-7C73A4A95E76}.Release|Any CPU.Build.0 = Release|Any CPU
		{35EFF8CB-F9CD-4A67-9863-7C73A4A95E76}.Release|x64.ActiveCfg = Release|Any CPU
		{35EFF8CB-F9CD-4A67-9863-7C73A4A95E76}.Release|x64.Build.0 = Release|Any CPU
		{35EFF8CB-F9CD-4A67-9863-7C73A4A95E76}.Release|x86.ActiveCfg = Release|Any CPU
		{35EFF8CB-F9CD-4A67-9863-7C73A4A95E76}.Release|x86.Build.0 = Release|Any CPU
		{EFE80C34-6DAE-40D1-AB66-A60DEDAAA81B}.Debug|Any CPU.ActiveCfg = Debug|Any CPU
		{EFE80C34-6DAE-40D1-AB66-A60DEDAAA81B}.Debug|Any CPU.Build.0 = Debug|Any CPU
		{EFE80C34-6DAE-40D1-AB66-A60DEDAAA81B}.Debug|x64.ActiveCfg = Debug|Any CPU
		{EFE80C34-6DAE-40D1-AB66-A60DEDAAA81B}.Debug|x64.Build.0 = Debug|Any CPU
		{EFE80C34-6DAE-40D1-AB66-A60DEDAAA81B}.Debug|x86.ActiveCfg = Debug|Any CPU
		{EFE80C34-6DAE-40D1-AB66-A60DEDAAA81B}.Debug|x86.Build.0 = Debug|Any CPU
		{EFE80C34-6DAE-40D1-AB66-A60DEDAAA81B}.Release|Any CPU.ActiveCfg = Release|Any CPU
		{EFE80C34-6DAE-40D1-AB66-A60DEDAAA81B}.Release|Any CPU.Build.0 = Release|Any CPU
		{EFE80C34-6DAE-40D1-AB66-A60DEDAAA81B}.Release|x64.ActiveCfg = Release|Any CPU
		{EFE80C34-6DAE-40D1-AB66-A60DEDAAA81B}.Release|x64.Build.0 = Release|Any CPU
		{EFE80C34-6DAE-40D1-AB66-A60DEDAAA81B}.Release|x86.ActiveCfg = Release|Any CPU
		{EFE80C34-6DAE-40D1-AB66-A60DEDAAA81B}.Release|x86.Build.0 = Release|Any CPU
		{2F0BB223-93C3-40D4-9BB2-43D6B1E272F5}.Debug|Any CPU.ActiveCfg = Debug|x64
		{2F0BB223-93C3-40D4-9BB2-43D6B1E272F5}.Debug|Any CPU.Build.0 = Debug|x64
		{2F0BB223-93C3-40D4-9BB2-43D6B1E272F5}.Debug|x64.ActiveCfg = Debug|x64
		{2F0BB223-93C3-40D4-9BB2-43D6B1E272F5}.Debug|x64.Build.0 = Debug|x64
		{2F0BB223-93C3-40D4-9BB2-43D6B1E272F5}.Debug|x86.ActiveCfg = Debug|Win32
		{2F0BB223-93C3-40D4-9BB2-43D6B1E272F5}.Debug|x86.Build.0 = Debug|Win32
		{2F0BB223-93C3-40D4-9BB2-43D6B1E272F5}.Release|Any CPU.ActiveCfg = Release|x64
		{2F0BB223-93C3-40D4-9BB2-43D6B1E272F5}.Release|Any CPU.Build.0 = Release|x64
		{2F0BB223-93C3-40D4-9BB2-43D6B1E272F5}.Release|x64.ActiveCfg = Release|x64
		{2F0BB223-93C3-40D4-9BB2-43D6B1E272F5}.Release|x64.Build.0 = Release|x64
		{2F0BB223-93C3-40D4-9BB2-43D6B1E272F5}.Release|x86.ActiveCfg = Release|Win32
		{2F0BB223-93C3-40D4-9BB2-43D6B1E272F5}.Release|x86.Build.0 = Release|Win32
	EndGlobalSection
	GlobalSection(SolutionProperties) = preSolution
		HideSolutionNode = FALSE
	EndGlobalSection
	GlobalSection(ExtensibilityGlobals) = postSolution
		SolutionGuid = {836E4CF3-1615-4A28-B5EA-8B1EDD92BADE}
	EndGlobalSection
EndGlobal
